{
  "name": "filefunctions",
  "version": "1.0.0",
  "lockfileVersion": 1,
  "requires": true,
  "dependencies": {
    "@types/node": {
      "version": "8.0.53",
      "resolved": "https://registry.npmjs.org/@types/node/-/node-8.0.53.tgz",
      "integrity": "sha512-54Dm6NwYeiSQmRB1BLXKr5GELi0wFapR1npi8bnZhEcu84d/yQKqnwwXQ56hZ0RUbTG6L5nqDZaN3dgByQXQRQ=="
    },
    "@types/sha1": {
      "version": "1.1.1",
      "resolved": "https://registry.npmjs.org/@types/sha1/-/sha1-1.1.1.tgz",
      "integrity": "sha512-Yrz4TPsm/xaw7c39aTISskNirnRJj2W9OVeHv8ooOR9SG8NHEfh4lwvGeN9euzxDyPfBdFkvL/VHIY3kM45OpQ==",
      "requires": {
        "@types/node": "8.0.53"
      }
    },
    "charenc": {
      "version": "0.0.2",
      "resolved": "https://registry.npmjs.org/charenc/-/charenc-0.0.2.tgz",
      "integrity": "sha1-wKHS86cJLgN3S/qD8UwPxXkKhmc="
    },
    "crypt": {
      "version": "0.0.2",
      "resolved": "https://registry.npmjs.org/crypt/-/crypt-0.0.2.tgz",
      "integrity": "sha1-iNf/fsDfuG9xPch7u0LQRNPmxBs="
    },
    "sha1": {
      "version": "1.1.1",
      "resolved": "https://registry.npmjs.org/sha1/-/sha1-1.1.1.tgz",
      "integrity": "sha1-rdqnqTFo85PxnrKxUJFhjicA+Eg=",
      "requires": {
        "charenc": "0.0.2",
        "crypt": "0.0.2"
      }
    },
    "ts-md5": {
      "version": "1.2.2",
      "resolved": "https://registry.npmjs.org/ts-md5/-/ts-md5-1.2.2.tgz",
      "integrity": "sha512-rTjX9/xTOvAcKC7TIsahiSdeyXgMtKa4wd6iClduCWeVoj41Q/HX5oYLkJzHQktW/DHbBjUatoFj0Q481N/Idw=="
    }
  }
}
